
Microsoft Visual Studio Solution File, Format Version 12.00
# Visual Studio Version 17
VisualStudioVersion = 17.0.31903.59
MinimumVisualStudioVersion = 10.0.40219.1
Project("{2150E333-8FDC-42A3-9474-1A3956D46DE8}") = "src", "src", "{827E0CD3-B72D-47B6-A68D-7590B98EB39B}"
EndProject
Project("{FAE04EC0-301F-11D3-BF4B-00C04F79EFBC}") = "RoomBook.Domain", "src\RoomBook.Domain\RoomBook.Domain.csproj", "{C183C76C-CFEC-4397-99E4-EEA8BD6523C1}"
EndProject
Project("{FAE04EC0-301F-11D3-BF4B-00C04F79EFBC}") = "RoomBook.Application", "src\RoomBook.Application\RoomBook.Application.csproj", "{FD9B6C8F-7293-4870-B522-80E88CA6702D}"
EndProject
Project("{FAE04EC0-301F-11D3-BF4B-00C04F79EFBC}") = "RoomBook.Api", "src\RoomBook.Api\RoomBook.Api.csproj", "{34DF62C3-81CE-411F-B609-486308B4D4DC}"
EndProject
Project("{FAE04EC0-301F-11D3-BF4B-00C04F79EFBC}") = "RoomBook.Domain.Tests", "tests\RoomBook.Domain.Tests\RoomBook.Domain.Tests.csproj", "{497E5833-16AB-4AC9-8467-627601CAB148}"
EndProject
Project("{FAE04EC0-301F-11D3-BF4B-00C04F79EFBC}") = "RoomBook.Api.Tests", "tests\RoomBook.Api.Tests\RoomBook.Api.Tests.csproj", "{729BF118-DB6E-474D-88B4-E6C9D9B582B3}"
EndProject
Project("{FAE04EC0-301F-11D3-BF4B-00C04F79EFBC}") = "RoomBook.Architecture.Tests", "tests\RoomBook.Architecture.Tests\RoomBook.Architecture.Tests.csproj", "{0833129B-63DD-4CFA-86C3-9D77365F80FE}"
EndProject
Project("{2150E333-8FDC-42A3-9474-1A3956D46DE8}") = "tests", "tests", "{0AB3BF05-4346-4AA6-1389-037BE0695223}"
EndProject
Project("{FAE04EC0-301F-11D3-BF4B-00C04F79EFBC}") = "RoomBook.Architecture.Fixtures", "tests\RoomBook.Architecture.Fixtures\RoomBook.Architecture.Fixtures.csproj", "{72AEB0BE-873C-4DEB-94B3-CEABFBE56300}"
EndProject
Project("{FAE04EC0-301F-11D3-BF4B-00C04F79EFBC}") = "RoomBook.Infrastructure", "src\RoomBook.Infrastructure\RoomBook.Infrastructure.csproj", "{8DA99033-3708-45B5-9287-A463DD2227F4}"
EndProject
Global
	GlobalSection(SolutionConfigurationPlatforms) = preSolution
		Debug|Any CPU = Debug|Any CPU
		Debug|x64 = Debug|x64
		Debug|x86 = Debug|x86
		Release|Any CPU = Release|Any CPU
		Release|x64 = Release|x64
		Release|x86 = Release|x86
	EndGlobalSection
	GlobalSection(ProjectConfigurationPlatforms) = postSolution
		{C183C76C-CFEC-4397-99E4-EEA8BD6523C1}.Debug|Any CPU.ActiveCfg = Debug|Any CPU
		{C183C76C-CFEC-4397-99E4-EEA8BD6523C1}.Debug|Any CPU.Build.0 = Debug|Any CPU
		{C183C76C-CFEC-4397-99E4-EEA8BD6523C1}.Debug|x64.ActiveCfg = Debug|Any CPU
		{C183C76C-CFEC-4397-99E4-EEA8BD6523C1}.Debug|x64.Build.0 = Debug|Any CPU
		{C183C76C-CFEC-4397-99E4-EEA8BD6523C1}.Debug|x86.ActiveCfg = Debug|Any CPU
		{C183C76C-CFEC-4397-99E4-EEA8BD6523C1}.Debug|x86.Build.0 = Debug|Any CPU
		{C183C76C-CFEC-4397-99E4-EEA8BD6523C1}.Release|Any CPU.ActiveCfg = Release|Any CPU
		{C183C76C-CFEC-4397-99E4-EEA8BD6523C1}.Release|Any CPU.Build.0 = Release|Any CPU
		{C183C76C-CFEC-4397-99E4-EEA8BD6523C1}.Release|x64.ActiveCfg = Release|Any CPU
		{C183C76C-CFEC-4397-99E4-EEA8BD6523C1}.Release|x64.Build.0 = Release|Any CPU
		{C183C76C-CFEC-4397-99E4-EEA8BD6523C1}.Release|x86.ActiveCfg = Release|Any CPU
		{C183C76C-CFEC-4397-99E4-EEA8BD6523C1}.Release|x86.Build.0 = Release|Any CPU
		{FD9B6C8F-7293-4870-B522-80E88CA6702D}.Debug|Any CPU.ActiveCfg = Debug|Any CPU
		{FD9B6C8F-7293-4870-B522-80E88CA6702D}.Debug|Any CPU.Build.0 = Debug|Any CPU
		{FD9B6C8F-7293-4870-B522-80E88CA6702D}.Debug|x64.ActiveCfg = Debug|Any CPU
		{FD9B6C8F-7293-4870-B522-80E88CA6702D}.Debug|x64.Build.0 = Debug|Any CPU
		{FD9B6C8F-7293-4870-B522-80E88CA6702D}.Debug|x86.ActiveCfg = Debug|Any CPU
		{FD9B6C8F-7293-4870-B522-80E88CA6702D}.Debug|x86.Build.0 = Debug|Any CPU
		{FD9B6C8F-7293-4870-B522-80E88CA6702D}.Release|Any CPU.ActiveCfg = Release|Any CPU
		{FD9B6C8F-7293-4870-B522-80E88CA6702D}.Release|Any CPU.Build.0 = Release|Any CPU
		{FD9B6C8F-7293-4870-B522-80E88CA6702D}.Release|x64.ActiveCfg = Release|Any CPU
		{FD9B6C8F-7293-4870-B522-80E88CA6702D}.Release|x64.Build.0 = Release|Any CPU
		{FD9B6C8F-7293-4870-B522-80E88CA6702D}.Release|x86.ActiveCfg = Release|Any CPU
		{FD9B6C8F-7293-4870-B522-80E88CA6702D}.Release|x86.Build.0 = Release|Any CPU
		{34DF62C3-81CE-411F-B609-486308B4D4DC}.Debug|Any CPU.ActiveCfg = Debug|Any CPU
		{34DF62C3-81CE-411F-B609-486308B4D4DC}.Debug|Any CPU.Build.0 = Debug|Any CPU
		{34DF62C3-81CE-411F-B609-486308B4D4DC}.Debug|x64.ActiveCfg = Debug|Any CPU
		{34DF62C3-81CE-411F-B609-486308B4D4DC}.Debug|x64.Build.0 = Debug|Any CPU
		{34DF62C3-81CE-411F-B609-486308B4D4DC}.Debug|x86.ActiveCfg = Debug|Any CPU
		{34DF62C3-81CE-411F-B609-486308B4D4DC}.Debug|x86.Build.0 = Debug|Any CPU
		{34DF62C3-81CE-411F-B609-486308B4D4DC}.Release|Any CPU.ActiveCfg = Release|Any CPU
		{34DF62C3-81CE-411F-B609-486308B4D4DC}.Release|Any CPU.Build.0 = Release|Any CPU
		{34DF62C3-81CE-411F-B609-486308B4D4DC}.Release|x64.ActiveCfg = Release|Any CPU
		{34DF62C3-81CE-411F-B609-486308B4D4DC}.Release|x64.Build.0 = Release|Any CPU
		{34DF62C3-81CE-411F-B609-486308B4D4DC}.Release|x86.ActiveCfg = Release|Any CPU
		{34DF62C3-81CE-411F-B609-486308B4D4DC}.Release|x86.Build.0 = Release|Any CPU
		{497E5833-16AB-4AC9-8467-627601CAB148}.Debug|Any CPU.ActiveCfg = Debug|Any CPU
		{497E5833-16AB-4AC9-8467-627601CAB148}.Debug|Any CPU.Build.0 = Debug|Any CPU
		{497E5833-16AB-4AC9-8467-627601CAB148}.Debug|x64.ActiveCfg = Debug|Any CPU
		{497E5833-16AB-4AC9-8467-627601CAB148}.Debug|x64.Build.0 = Debug|Any CPU
		{497E5833-16AB-4AC9-8467-627601CAB148}.Debug|x86.ActiveCfg = Debug|Any CPU
		{497E5833-16AB-4AC9-8467-627601CAB148}.Debug|x86.Build.0 = Debug|Any CPU
		{497E5833-16AB-4AC9-8467-627601CAB148}.Release|Any CPU.ActiveCfg = Release|Any CPU
		{497E5833-16AB-4AC9-8467-627601CAB148}.Release|Any CPU.Build.0 = Release|Any CPU
		{497E5833-16AB-4AC9-8467-627601CAB148}.Release|x64.ActiveCfg = Release|Any CPU
		{497E5833-16AB-4AC9-8467-627601CAB148}.Release|x64.Build.0 = Release|Any CPU
		{497E5833-16AB-4AC9-8467-627601CAB148}.Release|x86.ActiveCfg = Release|Any CPU
		{497E5833-16AB-4AC9-8467-627601CAB148}.Release|x86.Build.0 = Release|Any CPU
		{729BF118-DB6E-474D-88B4-E6C9D9B582B3}.Debug|Any CPU.ActiveCfg = Debug|Any CPU
		{729BF118-DB6E-474D-88B4-E6C9D9B582B3}.Debug|Any CPU.Build.0 = Debug|Any CPU
		{729BF118-DB6E-474D-88B4-E6C9D9B582B3}.Debug|x64.ActiveCfg = Debug|Any CPU
		{729BF118-DB6E-474D-88B4-E6C9D9B582B3}.Debug|x64.Build.0 = Debug|Any CPU
		{729BF118-DB6E-474D-88B4-E6C9D9B582B3}.Debug|x86.ActiveCfg = Debug|Any CPU
		{729BF118-DB6E-474D-88B4-E6C9D9B582B3}.Debug|x86.Build.0 = Debug|Any CPU
		{729BF118-DB6E-474D-88B4-E6C9D9B582B3}.Release|Any CPU.ActiveCfg = Release|Any CPU
		{729BF118-DB6E-474D-88B4-E6C9D9B582B3}.Release|Any CPU.Build.0 = Release|Any CPU
		{729BF118-DB6E-474D-88B4-E6C9D9B582B3}.Release|x64.ActiveCfg = Release|Any CPU
		{729BF118-DB6E-474D-88B4-E6C9D9B582B3}.Release|x64.Build.0 = Release|Any CPU
		{729BF118-DB6E-474D-88B4-E6C9D9B582B3}.Release|x86.ActiveCfg = Release|Any CPU
		{729BF118-DB6E-474D-88B4-E6C9D9B582B3}.Release|x86.Build.0 = Release|Any CPU
		{0833129B-63DD-4CFA-86C3-9D77365F80FE}.Debug|Any CPU.ActiveCfg = Debug|Any CPU
		{0833129B-63DD-4CFA-86C3-9D77365F80FE}.Debug|Any CPU.Build.0 = Debug|Any CPU
		{0833129B-63DD-4CFA-86C3-9D77365F80FE}.Debug|x64.ActiveCfg = Debug|Any CPU
		{0833129B-63DD-4CFA-86C3-9D77365F80FE}.Debug|x64.Build.0 = Debug|Any CPU
		{0833129B-63DD-4CFA-86C3-9D77365F80FE}.Debug|x86.ActiveCfg = Debug|Any CPU
		{0833129B-63DD-4CFA-86C3-9D77365F80FE}.Debug|x86.Build.0 = Debug|Any CPU
		{0833129B-63DD-4CFA-86C3-9D77365F80FE}.Release|Any CPU.ActiveCfg = Release|Any CPU
		{0833129B-63DD-4CFA-86C3-9D77365F80FE}.Release|Any CPU.Build.0 = Release|Any CPU
		{0833129B-63DD-4CFA-86C3-9D77365F80FE}.Release|x64.ActiveCfg = Release|Any CPU
		{0833129B-63DD-4CFA-86C3-9D77365F80FE}.Release|x64.Build.0 = Release|Any CPU
		{0833129B-63DD-4CFA-86C3-9D77365F80FE}.Release|x86.ActiveCfg = Release|Any CPU
		{0833129B-63DD-4CFA-86C3-9D77365F80FE}.Release|x86.Build.0 = Release|Any CPU
		{72AEB0BE-873C-4DEB-94B3-CEABFBE56300}.Debug|Any CPU.ActiveCfg = Debug|Any CPU
		{72AEB0BE-873C-4DEB-94B3-CEABFBE56300}.Debug|Any CPU.Build.0 = Debug|Any CPU
		{72AEB0BE-873C-4DEB-94B3-CEABFBE56300}.Debug|x64.ActiveCfg = Debug|Any CPU
		{72AEB0BE-873C-4DEB-94B3-CEABFBE56300}.Debug|x64.Build.0 = Debug|Any CPU
		{72AEB0BE-873C-4DEB-94B3-CEABFBE56300}.Debug|x86.ActiveCfg = Debug|Any CPU
		{72AEB0BE-873C-4DEB-94B3-CEABFBE56300}.Debug|x86.Build.0 = Debug|Any CPU
		{72AEB0BE-873C-4DEB-94B3-CEABFBE56300}.Release|Any CPU.ActiveCfg = Release|Any CPU
		{72AEB0BE-873C-4DEB-94B3-CEABFBE56300}.Release|Any CPU.Build.0 = Release|Any CPU
		{72AEB0BE-873C-4DEB-94B3-CEABFBE56300}.Release|x64.ActiveCfg = Release|Any CPU
		{72AEB0BE-873C-4DEB-94B3-CEABFBE56300}.Release|x64.Build.0 = Release|Any CPU
		{72AEB0BE-873C-4DEB-94B3-CEABFBE56300}.Release|x86.ActiveCfg = Release|Any CPU
		{72AEB0BE-873C-4DEB-94B3-CEABFBE56300}.Release|x86.Build.0 = Release|Any CPU
		{8DA99033-3708-45B5-9287-A463DD2227F4}.Debug|Any CPU.ActiveCfg = Debug|Any CPU
		{8DA99033-3708-45B5-9287-A463DD2227F4}.Debug|Any CPU.Build.0 = Debug|Any CPU
		{8DA99033-3708-45B5-9287-A463DD2227F4}.Debug|x64.ActiveCfg = Debug|Any CPU
		{8DA99033-3708-45B5-9287-A463DD2227F4}.Debug|x64.Build.0 = Debug|Any CPU
		{8DA99033-3708-45B5-9287-A463DD2227F4}.Debug|x86.ActiveCfg = Debug|Any CPU
		{8DA99033-3708-45B5-9287-A463DD2227F4}.Debug|x86.Build.0 = Debug|Any CPU
		{8DA99033-3708-45B5-9287-A463DD2227F4}.Release|Any CPU.ActiveCfg = Release|Any CPU
		{8DA99033-3708-45B5-9287-A463DD2227F4}.Release|Any CPU.Build.0 = Release|Any CPU
		{8DA99033-3708-45B5-9287-A463DD2227F4}.Release|x64.ActiveCfg = Release|Any CPU
		{8DA99033-3708-45B5-9287-A463DD2227F4}.Release|x64.Build.0 = Release|Any CPU
		{8DA99033-3708-45B5-9287-A463DD2227F4}.Release|x86.ActiveCfg = Release|Any CPU
		{8DA99033-3708-45B5-9287-A463DD2227F4}.Release|x86.Build.0 = Release|Any CPU
	EndGlobalSection
	GlobalSection(SolutionProperties) = preSolution
		HideSolutionNode = FALSE
	EndGlobalSection
	GlobalSection(NestedProjects) = preSolution
		{C183C76C-CFEC-4397-99E4-EEA8BD6523C1} = {827E0CD3-B72D-47B6-A68D-7590B98EB39B}
		{FD9B6C8F-7293-4870-B522-80E88CA6702D} = {827E0CD3-B72D-47B6-A68D-7590B98EB39B}
		{34DF62C3-81CE-411F-B609-486308B4D4DC} = {827E0CD3-B72D-47B6-A68D-7590B98EB39B}
		{497E5833-16AB-4AC9-8467-627601CAB148} = {827E0CD3-B72D-47B6-A68D-7590B98EB39B}
		{729BF118-DB6E-474D-88B4-E6C9D9B582B3} = {827E0CD3-B72D-47B6-A68D-7590B98EB39B}
		{0833129B-63DD-4CFA-86C3-9D77365F80FE} = {827E0CD3-B72D-47B6-A68D-7590B98EB39B}
		{72AEB0BE-873C-4DEB-94B3-CEABFBE56300} = {0AB3BF05-4346-4AA6-1389-037BE0695223}
		{8DA99033-3708-45B5-9287-A463DD2227F4} = {827E0CD3-B72D-47B6-A68D-7590B98EB39B}
	EndGlobalSection
EndGlobal
